# Linux x86_64 / CPython 3.12 ET OCR runtime lock.
# Generated from PyPI's 2026-08-15 resolver report for ddddocr==1.6.1.
# Every selected wheel is pinned and hash-verified; production installation
# must use --require-hashes and --only-binary=:all:.
ddddocr==1.6.1 --hash=sha256:c7c70f4ae2d0335440ae8b272eea48c9f6888ecef46785fe2311f0c97a133935
flatbuffers==25.12.19 --hash=sha256:7634f50c427838bb021c2d66a3d1168e9d199b0607e6329399f04846d42e20b4
numpy==2.5.2 --hash=sha256:3cdec01fa790a186d430433fdd4d4ffb70eed6f0eeb4bf05c8dbe2dce0a9bcb8
onnxruntime==1.28.0 --hash=sha256:0a83bdb70d143cede762b677789bf2a7acca54b3fb82565601d5c30695aa933c
opencv-python-headless==5.0.0.93 --hash=sha256:ed709fdf9aa0bd1f2ed8549e71d19449b03a675bb581eb292285f6861953be37
packaging==26.3 --hash=sha256:d7193f7c8e4e93f444fde0262bf90af30e16fa0ad0ad44cb553c87339b23cd1c
pillow==12.3.0 --hash=sha256:78cb2c6865a35ab8ff8b75fd122f6033b92a62c82801110e48ddd6c936a45d91
protobuf==7.35.1 --hash=sha256:74758715c53d7158fb76caf4f0cfdacc5329a4b1bb994f865d6cf302d413a1c4
